
Microsoft Visual Studio Solution File, Format Version 12.00
# Visual Studio 2012
Project("{FAE04EC0-301F-11D3-BF4B-00C04F79EFBC}") = "platform_win", "platform_win\platform_win.csproj", "{69946F71-C975-452A-B7A6-712EEB7BC40A}"
EndProject
Global
	GlobalSection(SolutionConfigurationPlatforms) = preSolution
		Debug|Any CPU = Debug|Any CPU
		Release|Any CPU = Release|Any CPU
	EndGlobalSection
	GlobalSection(ProjectConfigurationPlatforms) = postSolution
		{69946F71-C975-452A-B7A6-712EEB7BC40A}.Debug|Any CPU.ActiveCfg = Debug|Any CPU
		{69946F71-C975-452A-B7A6-712EEB7BC40A}.Debug|Any CPU.Build.0 = Debug|Any CPU
		{69946F71-C975-452A-B7A6-712EEB7BC40A}.Release|Any CPU.ActiveCfg = Release|Any CPU
		{69946F71-C975-452A-B7A6-712EEB7BC40A}.Release|Any CPU.Build.0 = Release|Any CPU
	EndGlobalSection
	GlobalSection(SolutionProperties) = preSolution
		HideSolutionNode = FALSE
	EndGlobalSection
EndGlobal
